Microsoft Visual Studio Solution File, Format Version 12.00
# Visual Studio 14
VisualStudioVersion = 14.0.25123.0
MinimumVisualStudioVersion = 10.0.40219.1
Project("{8BC9CEB8-8B4A-11D0-8D11-00A0C91BC942}") = "InstancedTeapots", "InstancedTeapots.vcxproj", "{C9619E70-F781-4102-B452-4AA1D04D3F99}"
	ProjectSection(ProjectDependencies) = postProject
		{66E7F414-BFCF-41F7-B821-D93D9B2FA988} = {66E7F414-BFCF-41F7-B821-D93D9B2FA988}
	EndProjectSection
EndProject
Project("{8BC9CEB8-8B4A-11D0-8D11-00A0C91BC942}") = "cinder", "..\..\..\..\vc2015_winrt\cinder.vcxproj", "{66E7F414-BFCF-41F7-B821-D93D9B2FA988}"
EndProject
Global
	GlobalSection(SolutionConfigurationPlatforms) = preSolution
		Debug|ARM = Debug|ARM
		Debug|Win32 = Debug|Win32
		Debug|x64 = Debug|x64
		Release|ARM = Release|ARM
		Release|Win32 = Release|Win32
		Release|x64 = Release|x64
	EndGlobalSection
	GlobalSection(ProjectConfigurationPlatforms) = postSolution
		{C9619E70-F781-4102-B452-4AA1D04D3F99}.Debug|ARM.ActiveCfg = Debug|ARM
		{C9619E70-F781-4102-B452-4AA1D04D3F99}.Debug|ARM.Build.0 = Debug|ARM
		{C9619E70-F781-4102-B452-4AA1D04D3F99}.Debug|ARM.Deploy.0 = Debug|ARM
		{C9619E70-F781-4102-B452-4AA1D04D3F99}.Debug|Win32.ActiveCfg = Debug|Win32
		{C9619E70-F781-4102-B452-4AA1D04D3F99}.Debug|Win32.Build.0 = Debug|Win32
		{C9619E70-F781-4102-B452-4AA1D04D3F99}.Debug|Win32.Deploy.0 = Debug|Win32
		{C9619E70-F781-4102-B452-4AA1D04D3F99}.Debug|x64.ActiveCfg = Debug|x64
		{C9619E70-F781-4102-B452-4AA1D04D3F99}.Debug|x64.Build.0 = Debug|x64
		{C9619E70-F781-4102-B452-4AA1D04D3F99}.Debug|x64.Deploy.0 = Debug|x64
		{C9619E70-F781-4102-B452-4AA1D04D3F99}.Release|ARM.ActiveCfg = Release|Win32
		{C9619E70-F781-4102-B452-4AA1D04D3F99}.Release|Win32.ActiveCfg = Release|Win32
		{C9619E70-F781-4102-B452-4AA1D04D3F99}.Release|Win32.Build.0 = Release|Win32
		{C9619E70-F781-4102-B452-4AA1D04D3F99}.Release|Win32.Deploy.0 = Release|Win32
		{C9619E70-F781-4102-B452-4AA1D04D3F99}.Release|x64.ActiveCfg = Release|x64
		{C9619E70-F781-4102-B452-4AA1D04D3F99}.Release|x64.Build.0 = Release|x64
		{C9619E70-F781-4102-B452-4AA1D04D3F99}.Release|x64.Deploy.0 = Release|x64
		{66E7F414-BFCF-41F7-B821-D93D9B2FA988}.Debug|ARM.ActiveCfg = Debug|ARM
		{66E7F414-BFCF-41F7-B821-D93D9B2FA988}.Debug|ARM.Build.0 = Debug|ARM
		{66E7F414-BFCF-41F7-B821-D93D9B2FA988}.Debug|Win32.ActiveCfg = Debug|Win32
		{66E7F414-BFCF-41F7-B821-D93D9B2FA988}.Debug|Win32.Build.0 = Debug|Win32
		{66E7F414-BFCF-41F7-B821-D93D9B2FA988}.Debug|x64.ActiveCfg = Debug|x64
		{66E7F414-BFCF-41F7-B821-D93D9B2FA988}.Debug|x64.Build.0 = Debug|x64
		{66E7F414-BFCF-41F7-B821-D93D9B2FA988}.Release|ARM.ActiveCfg = Release|ARM
		{66E7F414-BFCF-41F7-B821-D93D9B2FA988}.Release|ARM.Build.0 = Release|ARM
		{66E7F414-BFCF-41F7-B821-D93D9B2FA988}.Release|Win32.ActiveCfg = Release|Win32
		{66E7F414-BFCF-41F7-B821-D93D9B2FA988}.Release|Win32.Build.0 = Release|Win32
		{66E7F414-BFCF-41F7-B821-D93D9B2FA988}.Release|x64.ActiveCfg = Release|x64
		{66E7F414-BFCF-41F7-B821-D93D9B2FA988}.Release|x64.Build.0 = Release|x64
	EndGlobalSection
	GlobalSection(SolutionProperties) = preSolution
		HideSolutionNode = FALSE
	EndGlobalSection
EndGlobal
